
Microsoft Visual Studio Solution File, Format Version 12.00
# Visual Studio Version 17
VisualStudioVersion = 17.10.34707.107
MinimumVisualStudioVersion = 10.0.40219.1
Project("{FAE04EC0-301F-11D3-BF4B-00C04F79EFBC}") = "ProjectTest", "ProjectTest\ProjectTest.csproj", "{4430D00C-8FC3-4155-B012-8E7DC2B174DE}"
EndProject
Global
	GlobalSection(SolutionConfigurationPlatforms) = preSolution
		Debug|Any CPU = Debug|Any CPU
		Release|Any CPU = Release|Any CPU
	EndGlobalSection
	GlobalSection(ProjectConfigurationPlatforms) = postSolution
		{4430D00C-8FC3-4155-B012-8E7DC2B174DE}.Debug|Any CPU.ActiveCfg = Debug|Any CPU
		{4430D00C-8FC3-4155-B012-8E7DC2B174DE}.Debug|Any CPU.Build.0 = Debug|Any CPU
		{4430D00C-8FC3-4155-B012-8E7DC2B174DE}.Release|Any CPU.ActiveCfg = Release|Any CPU
		{4430D00C-8FC3-4155-B012-8E7DC2B174DE}.Release|Any CPU.Build.0 = Release|Any CPU
	EndGlobalSection
	GlobalSection(SolutionProperties) = preSolution
		HideSolutionNode = FALSE
	EndGlobalSection
	GlobalSection(ExtensibilityGlobals) = postSolution
		SolutionGuid = {EFBADBCE-656D-436F-9B8A-3FE5DF343DB2}
	EndGlobalSection
EndGlobal
